
Microsoft Visual Studio Solution File, Format Version 12.00
# Visual Studio Version 16
VisualStudioVersion = 16.0.30524.8
MinimumVisualStudioVersion = 10.0.40219.1
Project("{FAE04EC0-301F-11D3-BF4B-00C04F79EFBC}") = "MyFirebaseApp", "MyFirebaseApp\MyFirebaseApp.csproj", "{DE40F63F-C6ED-47C5-AEF4-F5C6B2FAD174}"
EndProject
Global
	GlobalSection(SolutionConfigurationPlatforms) = preSolution
		Debug|Any CPU = Debug|Any CPU
		Release|Any CPU = Release|Any CPU
	EndGlobalSection
	GlobalSection(ProjectConfigurationPlatforms) = postSolution
		{DE40F63F-C6ED-47C5-AEF4-F5C6B2FAD174}.Debug|Any CPU.ActiveCfg = Debug|Any CPU
		{DE40F63F-C6ED-47C5-AEF4-F5C6B2FAD174}.Debug|Any CPU.Build.0 = Debug|Any CPU
		{DE40F63F-C6ED-47C5-AEF4-F5C6B2FAD174}.Debug|Any CPU.Deploy.0 = Debug|Any CPU
		{DE40F63F-C6ED-47C5-AEF4-F5C6B2FAD174}.Release|Any CPU.ActiveCfg = Release|Any CPU
		{DE40F63F-C6ED-47C5-AEF4-F5C6B2FAD174}.Release|Any CPU.Build.0 = Release|Any CPU
		{DE40F63F-C6ED-47C5-AEF4-F5C6B2FAD174}.Release|Any CPU.Deploy.0 = Release|Any CPU
	EndGlobalSection
	GlobalSection(SolutionProperties) = preSolution
		HideSolutionNode = FALSE
	EndGlobalSection
	GlobalSection(ExtensibilityGlobals) = postSolution
		SolutionGuid = {505B45E3-9B51-43CB-BA57-DD381096A063}
	EndGlobalSection
EndGlobal
